
Microsoft Visual Studio Solution File, Format Version 12.00
# Visual Studio Version 16
VisualStudioVersion = 16.0.29926.136
MinimumVisualStudioVersion = 10.0.40219.1
Project("{FAE04EC0-301F-11D3-BF4B-00C04F79EFBC}") = "CovingtonStockWatch", "CovingtonStockWatch\CovingtonStockWatch.csproj", "{C18A0504-18B4-4FDA-B042-D2AD95E2BC39}"
EndProject
Global
	GlobalSection(SolutionConfigurationPlatforms) = preSolution
		Debug|Any CPU = Debug|Any CPU
		Release|Any CPU = Release|Any CPU
	EndGlobalSection
	GlobalSection(ProjectConfigurationPlatforms) = postSolution
		{C18A0504-18B4-4FDA-B042-D2AD95E2BC39}.Debug|Any CPU.ActiveCfg = Debug|Any CPU
		{C18A0504-18B4-4FDA-B042-D2AD95E2BC39}.Debug|Any CPU.Build.0 = Debug|Any CPU
		{C18A0504-18B4-4FDA-B042-D2AD95E2BC39}.Debug|Any CPU.Deploy.0 = Debug|Any CPU
		{C18A0504-18B4-4FDA-B042-D2AD95E2BC39}.Release|Any CPU.ActiveCfg = Release|Any CPU
		{C18A0504-18B4-4FDA-B042-D2AD95E2BC39}.Release|Any CPU.Build.0 = Release|Any CPU
		{C18A0504-18B4-4FDA-B042-D2AD95E2BC39}.Release|Any CPU.Deploy.0 = Release|Any CPU
	EndGlobalSection
	GlobalSection(SolutionProperties) = preSolution
		HideSolutionNode = FALSE
	EndGlobalSection
	GlobalSection(ExtensibilityGlobals) = postSolution
		SolutionGuid = {6A08210A-F1B2-4604-B535-4E42821D3D1A}
	EndGlobalSection
EndGlobal
